
Microsoft Visual Studio Solution File, Format Version 12.00
# Visual Studio 15
VisualStudioVersion = 15.0.27130.2020
MinimumVisualStudioVersion = 10.0.40219.1
Project("{2150E333-8FDC-42A3-9474-1A3956D46DE8}") = "3 -Infra", "3 -Infra", "{DF285DF8-874B-40AE-98EA-BF6F7FCA89B5}"
EndProject
Project("{2150E333-8FDC-42A3-9474-1A3956D46DE8}") = "4 - Tests", "4 - Tests", "{0CEAC00C-067D-4174-A086-DAB79C9E06BA}"
EndProject
Project("{2150E333-8FDC-42A3-9474-1A3956D46DE8}") = "0 - Presentation", "0 - Presentation", "{A4E2A55F-1868-4EB8-9917-14D6EC1190DF}"
EndProject
Project("{2150E333-8FDC-42A3-9474-1A3956D46DE8}") = "1 - Application", "1 - Application", "{9BEFF030-2C05-49A5-982B-B8DCACC6A134}"
EndProject
Project("{2150E333-8FDC-42A3-9474-1A3956D46DE8}") = "2 - Domain", "2 - Domain", "{E3495F56-501F-471B-8FA6-3BF5CB5041EE}"
EndProject
Project("{FAE04EC0-301F-11D3-BF4B-00C04F79EFBC}") = "ArquiteturaDDD.Infra.IOC", "ArquiteturaDDD.Infra.IOC\ArquiteturaDDD.Infra.IOC.csproj", "{44C0BAC1-39CC-467E-ABB9-5612321A8F4A}"
EndProject
Project("{FAE04EC0-301F-11D3-BF4B-00C04F79EFBC}") = "ArquiteturaDDD.Infra.Data", "ArquiteturaDDD.Infra.Data\ArquiteturaDDD.Infra.Data.csproj", "{8D220146-36B8-4F5D-96EC-322F4C32B2DF}"
EndProject
Project("{FAE04EC0-301F-11D3-BF4B-00C04F79EFBC}") = "ArquiteturaDDD.Infra.CrossCutting.Helpers", "ArquiteturaDDD.Infra.CrossCutting\ArquiteturaDDD.Infra.CrossCutting.Helpers.csproj", "{5B4C2D88-9B5D-4D92-A07A-B12B76B148E8}"
EndProject
Project("{2150E333-8FDC-42A3-9474-1A3956D46DE8}") = "3.1 - CrossCutting", "3.1 - CrossCutting", "{4B372824-0063-440D-8664-758D44092DB5}"
EndProject
Project("{2150E333-8FDC-42A3-9474-1A3956D46DE8}") = "3.2 - Data", "3.2 - Data", "{28BE2081-E8C0-4893-82D7-21A7340B6C7E}"
EndProject
Project("{FAE04EC0-301F-11D3-BF4B-00C04F79EFBC}") = "ArquiteturaDDD.Domain", "ArquiteturaDDD.Domain\ArquiteturaDDD.Domain.csproj", "{82C3BD02-D53B-4FDE-A36D-8FE4E1EBB6AC}"
EndProject
Project("{FAE04EC0-301F-11D3-BF4B-00C04F79EFBC}") = "ArquiteturaDDD.Application", "ArquiteturaDDD.Application\ArquiteturaDDD.Application.csproj", "{4268D8E7-8A4E-4762-A7E1-FAF08CF9AF10}"
EndProject
Project("{2150E333-8FDC-42A3-9474-1A3956D46DE8}") = "4.1 - Presentation", "4.1 - Presentation", "{B6FD23AA-82D7-4A71-9192-951BF973CCDE}"
EndProject
Project("{2150E333-8FDC-42A3-9474-1A3956D46DE8}") = "4.2 - Domain", "4.2 - Domain", "{990E5045-2C79-48B4-88B6-C40491BDAE17}"
EndProject
Project("{2150E333-8FDC-42A3-9474-1A3956D46DE8}") = "4.3 - Application", "4.3 - Application", "{6E1E2080-D0D2-44C4-AC1E-808F3F4D8C5F}"
EndProject
Project("{2150E333-8FDC-42A3-9474-1A3956D46DE8}") = "4.4 - Services", "4.4 - Services", "{4B389682-DDCE-40A8-80E3-F5EE1A3EFA0F}"
EndProject
Project("{2150E333-8FDC-42A3-9474-1A3956D46DE8}") = "4.5 - Infra", "4.5 - Infra", "{D20D24A3-E01B-44B0-B0D5-3A3E20E3A898}"
EndProject
Project("{FAE04EC0-301F-11D3-BF4B-00C04F79EFBC}") = "ArquiteturaDDD.Infra.Tests", "ArquiteturaDDD.Infra.Tests\ArquiteturaDDD.Infra.Tests.csproj", "{9139D379-AD6C-414E-8EC7-1E40FE99857E}"
EndProject
Project("{FAE04EC0-301F-11D3-BF4B-00C04F79EFBC}") = "ArquiteturaDDD.Services.Tests", "ArquiteturaDDD.Services.Tests\ArquiteturaDDD.Services.Tests.csproj", "{EB98ECFF-F904-4392-A8C9-83F8C8082C75}"
EndProject
Project("{FAE04EC0-301F-11D3-BF4B-00C04F79EFBC}") = "ArquiteturaDDD.Application.Tests", "ArquiteturaDDD.Application.Tests\ArquiteturaDDD.Application.Tests.csproj", "{4AC20176-91E0-42F6-A489-89C9BF84B513}"
EndProject
Project("{FAE04EC0-301F-11D3-BF4B-00C04F79EFBC}") = "ArquiteturaDDD.Domain.Tests", "ArquiteturaDDD.Domain.Tests\ArquiteturaDDD.Domain.Tests.csproj", "{81C80AF5-14E5-49EF-9F09-6F2C24AB8CC7}"
EndProject
Project("{FAE04EC0-301F-11D3-BF4B-00C04F79EFBC}") = "ArquiteturaDDD.Presentation.Tests", "ArquiteturaDDD.Presentation.Tests\ArquiteturaDDD.Presentation.Tests.csproj", "{4E39E424-D737-411A-8301-FF229CD742F0}"
EndProject
Project("{FAE04EC0-301F-11D3-BF4B-00C04F79EFBC}") = "Interfile.GerenciadorAditamento.MVC", "Interfile.GerenciadorAditamento.MVC\Interfile.GerenciadorAditamento.MVC.csproj", "{3DE7BDED-D14F-43C1-92E3-C5A7CDB7C124}"
EndProject
Global
	GlobalSection(SolutionConfigurationPlatforms) = preSolution
		Debug|Any CPU = Debug|Any CPU
		Release|Any CPU = Release|Any CPU
	EndGlobalSection
	GlobalSection(ProjectConfigurationPlatforms) = postSolution
		{44C0BAC1-39CC-467E-ABB9-5612321A8F4A}.Debug|Any CPU.ActiveCfg = Debug|Any CPU
		{44C0BAC1-39CC-467E-ABB9-5612321A8F4A}.Debug|Any CPU.Build.0 = Debug|Any CPU
		{44C0BAC1-39CC-467E-ABB9-5612321A8F4A}.Release|Any CPU.ActiveCfg = Release|Any CPU
		{44C0BAC1-39CC-467E-ABB9-5612321A8F4A}.Release|Any CPU.Build.0 = Release|Any CPU
		{8D220146-36B8-4F5D-96EC-322F4C32B2DF}.Debug|Any CPU.ActiveCfg = Debug|Any CPU
		{8D220146-36B8-4F5D-96EC-322F4C32B2DF}.Debug|Any CPU.Build.0 = Debug|Any CPU
		{8D220146-36B8-4F5D-96EC-322F4C32B2DF}.Release|Any CPU.ActiveCfg = Release|Any CPU
		{8D220146-36B8-4F5D-96EC-322F4C32B2DF}.Release|Any CPU.Build.0 = Release|Any CPU
		{5B4C2D88-9B5D-4D92-A07A-B12B76B148E8}.Debug|Any CPU.ActiveCfg = Debug|Any CPU
		{5B4C2D88-9B5D-4D92-A07A-B12B76B148E8}.Debug|Any CPU.Build.0 = Debug|Any CPU
		{5B4C2D88-9B5D-4D92-A07A-B12B76B148E8}.Release|Any CPU.ActiveCfg = Release|Any CPU
		{5B4C2D88-9B5D-4D92-A07A-B12B76B148E8}.Release|Any CPU.Build.0 = Release|Any CPU
		{82C3BD02-D53B-4FDE-A36D-8FE4E1EBB6AC}.Debug|Any CPU.ActiveCfg = Debug|Any CPU
		{82C3BD02-D53B-4FDE-A36D-8FE4E1EBB6AC}.Debug|Any CPU.Build.0 = Debug|Any CPU
		{82C3BD02-D53B-4FDE-A36D-8FE4E1EBB6AC}.Release|Any CPU.ActiveCfg = Release|Any CPU
		{82C3BD02-D53B-4FDE-A36D-8FE4E1EBB6AC}.Release|Any CPU.Build.0 = Release|Any CPU
		{4268D8E7-8A4E-4762-A7E1-FAF08CF9AF10}.Debug|Any CPU.ActiveCfg = Debug|Any CPU
		{4268D8E7-8A4E-4762-A7E1-FAF08CF9AF10}.Debug|Any CPU.Build.0 = Debug|Any CPU
		{4268D8E7-8A4E-4762-A7E1-FAF08CF9AF10}.Release|Any CPU.ActiveCfg = Release|Any CPU
		{4268D8E7-8A4E-4762-A7E1-FAF08CF9AF10}.Release|Any CPU.Build.0 = Release|Any CPU
		{9139D379-AD6C-414E-8EC7-1E40FE99857E}.Debug|Any CPU.ActiveCfg = Debug|Any CPU
		{9139D379-AD6C-414E-8EC7-1E40FE99857E}.Debug|Any CPU.Build.0 = Debug|Any CPU
		{9139D379-AD6C-414E-8EC7-1E40FE99857E}.Release|Any CPU.ActiveCfg = Release|Any CPU
		{9139D379-AD6C-414E-8EC7-1E40FE99857E}.Release|Any CPU.Build.0 = Release|Any CPU
		{EB98ECFF-F904-4392-A8C9-83F8C8082C75}.Debug|Any CPU.ActiveCfg = Debug|Any CPU
		{EB98ECFF-F904-4392-A8C9-83F8C8082C75}.Debug|Any CPU.Build.0 = Debug|Any CPU
		{EB98ECFF-F904-4392-A8C9-83F8C8082C75}.Release|Any CPU.ActiveCfg = Release|Any CPU
		{EB98ECFF-F904-4392-A8C9-83F8C8082C75}.Release|Any CPU.Build.0 = Release|Any CPU
		{4AC20176-91E0-42F6-A489-89C9BF84B513}.Debug|Any CPU.ActiveCfg = Debug|Any CPU
		{4AC20176-91E0-42F6-A489-89C9BF84B513}.Debug|Any CPU.Build.0 = Debug|Any CPU
		{4AC20176-91E0-42F6-A489-89C9BF84B513}.Release|Any CPU.ActiveCfg = Release|Any CPU
		{4AC20176-91E0-42F6-A489-89C9BF84B513}.Release|Any CPU.Build.0 = Release|Any CPU
		{81C80AF5-14E5-49EF-9F09-6F2C24AB8CC7}.Debug|Any CPU.ActiveCfg = Debug|Any CPU
		{81C80AF5-14E5-49EF-9F09-6F2C24AB8CC7}.Debug|Any CPU.Build.0 = Debug|Any CPU
		{81C80AF5-14E5-49EF-9F09-6F2C24AB8CC7}.Release|Any CPU.ActiveCfg = Release|Any CPU
		{81C80AF5-14E5-49EF-9F09-6F2C24AB8CC7}.Release|Any CPU.Build.0 = Release|Any CPU
		{4E39E424-D737-411A-8301-FF229CD742F0}.Debug|Any CPU.ActiveCfg = Debug|Any CPU
		{4E39E424-D737-411A-8301-FF229CD742F0}.Debug|Any CPU.Build.0 = Debug|Any CPU
		{4E39E424-D737-411A-8301-FF229CD742F0}.Release|Any CPU.ActiveCfg = Release|Any CPU
		{4E39E424-D737-411A-8301-FF229CD742F0}.Release|Any CPU.Build.0 = Release|Any CPU
		{3DE7BDED-D14F-43C1-92E3-C5A7CDB7C124}.Debug|Any CPU.ActiveCfg = Debug|Any CPU
		{3DE7BDED-D14F-43C1-92E3-C5A7CDB7C124}.Debug|Any CPU.Build.0 = Debug|Any CPU
		{3DE7BDED-D14F-43C1-92E3-C5A7CDB7C124}.Release|Any CPU.ActiveCfg = Release|Any CPU
		{3DE7BDED-D14F-43C1-92E3-C5A7CDB7C124}.Release|Any CPU.Build.0 = Release|Any CPU
	EndGlobalSection
	GlobalSection(SolutionProperties) = preSolution
		HideSolutionNode = FALSE
	EndGlobalSection
	GlobalSection(NestedProjects) = preSolution
		{44C0BAC1-39CC-467E-ABB9-5612321A8F4A} = {28BE2081-E8C0-4893-82D7-21A7340B6C7E}
		{8D220146-36B8-4F5D-96EC-322F4C32B2DF} = {28BE2081-E8C0-4893-82D7-21A7340B6C7E}
		{5B4C2D88-9B5D-4D92-A07A-B12B76B148E8} = {4B372824-0063-440D-8664-758D44092DB5}
		{4B372824-0063-440D-8664-758D44092DB5} = {DF285DF8-874B-40AE-98EA-BF6F7FCA89B5}
		{28BE2081-E8C0-4893-82D7-21A7340B6C7E} = {DF285DF8-874B-40AE-98EA-BF6F7FCA89B5}
		{82C3BD02-D53B-4FDE-A36D-8FE4E1EBB6AC} = {E3495F56-501F-471B-8FA6-3BF5CB5041EE}
		{4268D8E7-8A4E-4762-A7E1-FAF08CF9AF10} = {9BEFF030-2C05-49A5-982B-B8DCACC6A134}
		{B6FD23AA-82D7-4A71-9192-951BF973CCDE} = {0CEAC00C-067D-4174-A086-DAB79C9E06BA}
		{990E5045-2C79-48B4-88B6-C40491BDAE17} = {0CEAC00C-067D-4174-A086-DAB79C9E06BA}
		{6E1E2080-D0D2-44C4-AC1E-808F3F4D8C5F} = {0CEAC00C-067D-4174-A086-DAB79C9E06BA}
		{4B389682-DDCE-40A8-80E3-F5EE1A3EFA0F} = {0CEAC00C-067D-4174-A086-DAB79C9E06BA}
		{D20D24A3-E01B-44B0-B0D5-3A3E20E3A898} = {0CEAC00C-067D-4174-A086-DAB79C9E06BA}
		{9139D379-AD6C-414E-8EC7-1E40FE99857E} = {D20D24A3-E01B-44B0-B0D5-3A3E20E3A898}
		{EB98ECFF-F904-4392-A8C9-83F8C8082C75} = {4B389682-DDCE-40A8-80E3-F5EE1A3EFA0F}
		{4AC20176-91E0-42F6-A489-89C9BF84B513} = {6E1E2080-D0D2-44C4-AC1E-808F3F4D8C5F}
		{81C80AF5-14E5-49EF-9F09-6F2C24AB8CC7} = {990E5045-2C79-48B4-88B6-C40491BDAE17}
		{4E39E424-D737-411A-8301-FF229CD742F0} = {B6FD23AA-82D7-4A71-9192-951BF973CCDE}
		{3DE7BDED-D14F-43C1-92E3-C5A7CDB7C124} = {A4E2A55F-1868-4EB8-9917-14D6EC1190DF}
	EndGlobalSection
	GlobalSection(ExtensibilityGlobals) = postSolution
		SolutionGuid = {CCA46022-2A7D-4D13-942D-0FD7BB51F535}
	EndGlobalSection
EndGlobal
